
Microsoft Visual Studio Solution File, Format Version 12.00
# Visual Studio Version 17
VisualStudioVersion = 17.11.35303.130
MinimumVisualStudioVersion = 10.0.40219.1
Project("{FAE04EC0-301F-11D3-BF4B-00C04F79EFBC}") = "WpfApp1", "WpfApp1\WpfApp1.csproj", "{8BD5746E-9729-4D78-9B87-26B8156B396C}"
EndProject
Project("{FAE04EC0-301F-11D3-BF4B-00C04F79EFBC}") = "WpfApp1.Tests", "WpfApp1.Tests\WpfApp1.Tests.csproj", "{CC3CDBCC-8650-4AD9-B4DA-0770E451B477}"
EndProject
Global
	GlobalSection(SolutionConfigurationPlatforms) = preSolution
		Debug|Any CPU = Debug|Any CPU
		Release|Any CPU = Release|Any CPU
	EndGlobalSection
	GlobalSection(ProjectConfigurationPlatforms) = postSolution
		{8BD5746E-9729-4D78-9B87-26B8156B396C}.Debug|Any CPU.ActiveCfg = Debug|Any CPU
		{8BD5746E-9729-4D78-9B87-26B8156B396C}.Debug|Any CPU.Build.0 = Debug|Any CPU
		{8BD5746E-9729-4D78-9B87-26B8156B396C}.Release|Any CPU.ActiveCfg = Release|Any CPU
		{8BD5746E-9729-4D78-9B87-26B8156B396C}.Release|Any CPU.Build.0 = Release|Any CPU
		{CC3CDBCC-8650-4AD9-B4DA-0770E451B477}.Debug|Any CPU.ActiveCfg = Debug|Any CPU
		{CC3CDBCC-8650-4AD9-B4DA-0770E451B477}.Debug|Any CPU.Build.0 = Debug|Any CPU
		{CC3CDBCC-8650-4AD9-B4DA-0770E451B477}.Release|Any CPU.ActiveCfg = Release|Any CPU
		{CC3CDBCC-8650-4AD9-B4DA-0770E451B477}.Release|Any CPU.Build.0 = Release|Any CPU
	EndGlobalSection
	GlobalSection(SolutionProperties) = preSolution
		HideSolutionNode = FALSE
	EndGlobalSection
	GlobalSection(ExtensibilityGlobals) = postSolution
		SolutionGuid = {87B63D0F-35A8-4F09-BA38-B4763013A785}
	EndGlobalSection
EndGlobal
